// !$*UTF8*$!
{
	archiveVersion = 1;
	classes = {
	};
	objectVersion = 48;
	objects = {

/* Begin PBXBuildFile section */
		3FA0B3001FE154790011F5A5 /* AppDelegate.swift in Sources */ = {isa = PBXBuildFile; fileRef = 3FA0B2FF1FE154790011F5A5 /* AppDelegate.swift */; };
		3FA0B3021FE154790011F5A5 /* ViewController.swift in Sources */ = {isa = PBXBuildFile; fileRef = 3FA0B3011FE154790011F5A5 /* ViewController.swift */; };
		3FA0B3051FE154790011F5A5 /* Main.storyboard in Resources */ = {isa = PBXBuildFile; fileRef = 3FA0B3031FE154790011F5A5 /* Main.storyboard */; };
		3FA0B3071FE154790011F5A5 /* Assets.xcassets in Resources */ = {isa = PBXBuildFile; fileRef = 3FA0B3061FE154790011F5A5 /* Assets.xcassets */; };
		3FA0B30A1FE154790011F5A5 /* LaunchScreen.storyboard in Resources */ = {isa = PBXBuildFile; fileRef = 3FA0B3081FE154790011F5A5 /* LaunchScreen.storyboard */; };
		3FA0B3151FE1547A0011F5A5 /* ____Tests.swift in Sources */ = {isa = PBXBuildFile; fileRef = 3FA0B3141FE1547A0011F5A5 /* ____Tests.swift */; };
		3FA0B3201FE1547A0011F5A5 /* ____UITests.swift in Sources */ = {isa = PBXBuildFile; fileRef = 3FA0B31F1FE1547A0011F5A5 /* ____UITests.swift */; };
/* End PBXBuildFile section */

/* Begin PBXContainerItemProxy section */
		3FA0B3111FE1547A0011F5A5 /* PBXContainerItemProxy */ = {
			isa = PBXContainerItemProxy;
			containerPortal = 3FA0B2F41FE154790011F5A5 /* Project object */;
			proxyType = 1;
			remoteGlobalIDString = 3FA0B2FB1FE154790011F5A5;
			remoteInfo = "斗鱼直播";
		};
		3FA0B31C1FE1547A0011F5A5 /* PBXContainerItemProxy */ = {
			isa = PBXContainerItemProxy;
			containerPortal = 3FA0B2F41FE154790011F5A5 /* Project object */;
			proxyType = 1;
			remoteGlobalIDString = 3FA0B2FB1FE154790011F5A5;
			remoteInfo = "斗鱼直播";
		};
/* End PBXContainerItemProxy section */

/* Begin PBXFileReference section */
		3FA0B2FC1FE154790011F5A5 /* 斗鱼直播.app */ = {isa = PBXFileReference; explicitFileType = wrapper.application; includeInIndex = 0; path = "斗鱼直播.app"; sourceTree = BUILT_PRODUCTS_DIR; };
		3FA0B2FF1FE154790011F5A5 /* AppDelegate.swift */ = {isa = PBXFileReference; lastKnownFileType = sourcecode.swift; path = AppDelegate.swift; sourceTree = "<group>"; };
		3FA0B3011FE154790011F5A5 /* ViewController.swift */ = {isa = PBXFileReference; lastKnownFileType = sourcecode.swift; path = ViewController.swift; sourceTree = "<group>"; };
		3FA0B3041FE154790011F5A5 /* Base */ = {isa = PBXFileReference; lastKnownFileType = file.storyboard; name = Base; path = Base.lproj/Main.storyboard; sourceTree = "<group>"; };
		3FA0B3061FE154790011F5A5 /* Assets.xcassets */ = {isa = PBXFileReference; lastKnownFileType = folder.assetcatalog; path = Assets.xcassets; sourceTree = "<group>"; };
		3FA0B3091FE154790011F5A5 /* Base */ = {isa = PBXFileReference; lastKnownFileType = file.storyboard; name = Base; path = Base.lproj/LaunchScreen.storyboard; sourceTree = "<group>"; };
		3FA0B30B1FE154790011F5A5 /* Info.plist */ = {isa = PBXFileReference; lastKnownFileType = text.plist.xml; path = Info.plist; sourceTree = "<group>"; };
		3FA0B3101FE1547A0011F5A5 /* 斗鱼直播Tests.xctest */ = {isa = PBXFileReference; explicitFileType = wrapper.cfbundle; includeInIndex = 0; path = "斗鱼直播Tests.xctest"; sourceTree = BUILT_PRODUCTS_DIR; };
		3FA0B3141FE1547A0011F5A5 /* ____Tests.swift */ = {isa = PBXFileReference; lastKnownFileType = sourcecode.swift; path = "____Tests.swift"; sourceTree = "<group>"; };
		3FA0B3161FE1547A0011F5A5 /* Info.plist */ = {isa = PBXFileReference; lastKnownFileType = text.plist.xml; path = Info.plist; sourceTree = "<group>"; };
		3FA0B31B1FE1547A0011F5A5 /* 斗鱼直播UITests.xctest */ = {isa = PBXFileReference; explicitFileType = wrapper.cfbundle; includeInIndex = 0; path = "斗鱼直播UITests.xctest"; sourceTree = BUILT_PRODUCTS_DIR; };
		3FA0B31F1FE1547A0011F5A5 /* ____UITests.swift */ = {isa = PBXFileReference; lastKnownFileType = sourcecode.swift; path = "____UITests.swift"; sourceTree = "<group>"; };
		3FA0B3211FE1547A0011F5A5 /* Info.plist */ = {isa = PBXFileReference; lastKnownFileType = text.plist.xml; path = Info.plist; sourceTree = "<group>"; };
/* End PBXFileReference section */

/* Begin PBXFrameworksBuildPhase section */
		3FA0B2F91FE154790011F5A5 /* Frameworks */ = {
			isa = PBXFrameworksBuildPhase;
			buildActionMask = 2147483647;
			files = (
			);
			runOnlyForDeploymentPostprocessing = 0;
		};
		3FA0B30D1FE1547A0011F5A5 /* Frameworks */ = {
			isa = PBXFrameworksBuildPhase;
			buildActionMask = 2147483647;
			files = (
			);
			runOnlyForDeploymentPostprocessing = 0;
		};
		3FA0B3181FE1547A0011F5A5 /* Frameworks */ = {
			isa = PBXFrameworksBuildPhase;
			buildActionMask = 2147483647;
			files = (
			);
			runOnlyForDeploymentPostprocessing = 0;
		};
/* End PBXFrameworksBuildPhase section */

/* Begin PBXGroup section */
		3FA0B2F31FE154790011F5A5 = {
			isa = PBXGroup;
			children = (
				3FA0B2FE1FE154790011F5A5 /* 斗鱼直播 */,
				3FA0B3131FE1547A0011F5A5 /* 斗鱼直播Tests */,
				3FA0B31E1FE1547A0011F5A5 /* 斗鱼直播UITests */,
				3FA0B2FD1FE154790011F5A5 /* Products */,
			);
			sourceTree = "<group>";
		};
		3FA0B2FD1FE154790011F5A5 /* Products */ = {
			isa = PBXGroup;
			children = (
				3FA0B2FC1FE154790011F5A5 /* 斗鱼直播.app */,
				3FA0B3101FE1547A0011F5A5 /* 斗鱼直播Tests.xctest */,
				3FA0B31B1FE1547A0011F5A5 /* 斗鱼直播UITests.xctest */,
			);
			name = Products;
			sourceTree = "<group>";
		};
		3FA0B2FE1FE154790011F5A5 /* 斗鱼直播 */ = {
			isa = PBXGroup;
			children = (
				3FA0B2FF1FE154790011F5A5 /* AppDelegate.swift */,
				3FA0B3011FE154790011F5A5 /* ViewController.swift */,
				3FA0B3031FE154790011F5A5 /* Main.storyboard */,
				3FA0B3061FE154790011F5A5 /* Assets.xcassets */,
				3FA0B3081FE154790011F5A5 /* LaunchScreen.storyboard */,
				3FA0B30B1FE154790011F5A5 /* Info.plist */,
			);
			path = "斗鱼直播";
			sourceTree = "<group>";
		};
		3FA0B3131FE1547A0011F5A5 /* 斗鱼直播Tests */ = {
			isa = PBXGroup;
			children = (
				3FA0B3141FE1547A0011F5A5 /* ____Tests.swift */,
				3FA0B3161FE1547A0011F5A5 /* Info.plist */,
			);
			path = "斗鱼直播Tests";
			sourceTree = "<group>";
		};
		3FA0B31E1FE1547A0011F5A5 /* 斗鱼直播UITests */ = {
			isa = PBXGroup;
			children = (
				3FA0B31F1FE1547A0011F5A5 /* ____UITests.swift */,
				3FA0B3211FE1547A0011F5A5 /* Info.plist */,
			);
			path = "斗鱼直播UITests";
			sourceTree = "<group>";
		};
/* End PBXGroup section */

/* Begin PBXNativeTarget section */
		3FA0B2FB1FE154790011F5A5 /* 斗鱼直播 */ = {
			isa = PBXNativeTarget;
			buildConfigurationList = 3FA0B3241FE1547A0011F5A5 /* Build configuration list for PBXNativeTarget "斗鱼直播" */;
			buildPhases = (
				3FA0B2F81FE154790011F5A5 /* Sources */,
				3FA0B2F91FE154790011F5A5 /* Frameworks */,
				3FA0B2FA1FE154790011F5A5 /* Resources */,
			);
			buildRules = (
			);
			dependencies = (
			);
			name = "斗鱼直播";
			productName = "斗鱼直播";
			productReference = 3FA0B2FC1FE154790011F5A5 /* 斗鱼直播.app */;
			productType = "com.apple.product-type.application";
		};
		3FA0B30F1FE1547A0011F5A5 /* 斗鱼直播Tests */ = {
			isa = PBXNativeTarget;
			buildConfigurationList = 3FA0B3271FE1547A0011F5A5 /* Build configuration list for PBXNativeTarget "斗鱼直播Tests" */;
			buildPhases = (
				3FA0B30C1FE1547A0011F5A5 /* Sources */,
				3FA0B30D1FE1547A0011F5A5 /* Frameworks */,
				3FA0B30E1FE1547A0011F5A5 /* Resources */,
			);
			buildRules = (
			);
			dependencies = (
				3FA0B3121FE1547A0011F5A5 /* PBXTargetDependency */,
			);
			name = "斗鱼直播Tests";
			productName = "斗鱼直播Tests";
			productReference = 3FA0B3101FE1547A0011F5A5 /* 斗鱼直播Tests.xctest */;
			productType = "com.apple.product-type.bundle.unit-test";
		};
		3FA0B31A1FE1547A0011F5A5 /* 斗鱼直播UITests */ = {
			isa = PBXNativeTarget;
			buildConfigurationList = 3FA0B32A1FE1547A0011F5A5 /* Build configuration list for PBXNativeTarget "斗鱼直播UITests" */;
			buildPhases = (
				3FA0B3171FE1547A0011F5A5 /* Sources */,
				3FA0B3181FE1547A0011F5A5 /* Frameworks */,
				3FA0B3191FE1547A0011F5A5 /* Resources */,
			);
			buildRules = (
			);
			dependencies = (
				3FA0B31D1FE1547A0011F5A5 /* PBXTargetDependency */,
			);
			name = "斗鱼直播UITests";
			productName = "斗鱼直播UITests";
			productReference = 3FA0B31B1FE1547A0011F5A5 /* 斗鱼直播UITests.xctest */;
			productType = "com.apple.product-type.bundle.ui-testing";
		};
/* End PBXNativeTarget section */

/* Begin PBXProject section */
		3FA0B2F41FE154790011F5A5 /* Project object */ = {
			isa = PBXProject;
			attributes = {
				LastSwiftUpdateCheck = 0910;
				LastUpgradeCheck = 0910;
				ORGANIZATIONNAME = hrx;
				TargetAttributes = {
					3FA0B2FB1FE154790011F5A5 = {
						CreatedOnToolsVersion = 9.1;
						ProvisioningStyle = Automatic;
					};
					3FA0B30F1FE1547A0011F5A5 = {
						CreatedOnToolsVersion = 9.1;
						ProvisioningStyle = Automatic;
						TestTargetID = 3FA0B2FB1FE154790011F5A5;
					};
					3FA0B31A1FE1547A0011F5A5 = {
						CreatedOnToolsVersion = 9.1;
						ProvisioningStyle = Automatic;
						TestTargetID = 3FA0B2FB1FE154790011F5A5;
					};
				};
			};
			buildConfigurationList = 3FA0B2F71FE154790011F5A5 /* Build configuration list for PBXProject "斗鱼直播" */;
			compatibilityVersion = "Xcode 8.0";
			developmentRegion = en;
			hasScannedForEncodings = 0;
			knownRegions = (
				en,
				Base,
			);
			mainGroup = 3FA0B2F31FE154790011F5A5;
			productRefGroup = 3FA0B2FD1FE154790011F5A5 /* Products */;
			projectDirPath = "";
			projectRoot = "";
			targets = (
				3FA0B2FB1FE154790011F5A5 /* 斗鱼直播 */,
				3FA0B30F1FE1547A0011F5A5 /* 斗鱼直播Tests */,
				3FA0B31A1FE1547A0011F5A5 /* 斗鱼直播UITests */,
			);
		};
/* End PBXProject section */

/* Begin PBXResourcesBuildPhase section */
		3FA0B2FA1FE154790011F5A5 /* Resources */ = {
			isa = PBXResourcesBuildPhase;
			buildActionMask = 2147483647;
			files = (
				3FA0B30A1FE154790011F5A5 /* LaunchScreen.storyboard in Resources */,
				3FA0B3071FE154790011F5A5 /* Assets.xcassets in Resources */,
				3FA0B3051FE154790011F5A5 /* Main.storyboard in Resources */,
			);
			runOnlyForDeploymentPostprocessing = 0;
		};
		3FA0B30E1FE1547A0011F5A5 /* Resources */ = {
			isa = PBXResourcesBuildPhase;
			buildActionMask = 2147483647;
			files = (
			);
			runOnlyForDeploymentPostprocessing = 0;
		};
		3FA0B3191FE1547A0011F5A5 /* Resources */ = {
			isa = PBXResourcesBuildPhase;
			buildActionMask = 2147483647;
			files = (
			);
			runOnlyForDeploymentPostprocessing = 0;
		};
/* End PBXResourcesBuildPhase section */

/* Begin PBXSourcesBuildPhase section */
		3FA0B2F81FE154790011F5A5 /* Sources */ = {
			isa = PBXSourcesBuildPhase;
			buildActionMask = 2147483647;
			files = (
				3FA0B3021FE154790011F5A5 /* ViewController.swift in Sources */,
				3FA0B3001FE154790011F5A5 /* AppDelegate.swift in Sources */,
			);
			runOnlyForDeploymentPostprocessing = 0;
		};
		3FA0B30C1FE1547A0011F5A5 /* Sources */ = {
			isa = PBXSourcesBuildPhase;
			buildActionMask = 2147483647;
			files = (
				3FA0B3151FE1547A0011F5A5 /* ____Tests.swift in Sources */,
			);
			runOnlyForDeploymentPostprocessing = 0;
		};
		3FA0B3171FE1547A0011F5A5 /* Sources */ = {
			isa = PBXSourcesBuildPhase;
			buildActionMask = 2147483647;
			files = (
				3FA0B3201FE1547A0011F5A5 /* ____UITests.swift in Sources */,
			);
			runOnlyForDeploymentPostprocessing = 0;
		};
/* End PBXSourcesBuildPhase section */

/* Begin PBXTargetDependency section */
		3FA0B3121FE1547A0011F5A5 /* PBXTargetDependency */ = {
			isa = PBXTargetDependency;
			target = 3FA0B2FB1FE154790011F5A5 /* 斗鱼直播 */;
			targetProxy = 3FA0B3111FE1547A0011F5A5 /* PBXContainerItemProxy */;
		};
		3FA0B31D1FE1547A0011F5A5 /* PBXTargetDependency */ = {
			isa = PBXTargetDependency;
			target = 3FA0B2FB1FE154790011F5A5 /* 斗鱼直播 */;
			targetProxy = 3FA0B31C1FE1547A0011F5A5 /* PBXContainerItemProxy */;
		};
/* End PBXTargetDependency section */

/* Begin PBXVariantGroup section */
		3FA0B3031FE154790011F5A5 /* Main.storyboard */ = {
			isa = PBXVariantGroup;
			children = (
				3FA0B3041FE154790011F5A5 /* Base */,
			);
			name = Main.storyboard;
			sourceTree = "<group>";
		};
		3FA0B3081FE154790011F5A5 /* LaunchScreen.storyboard */ = {
			isa = PBXVariantGroup;
			children = (
				3FA0B3091FE154790011F5A5 /* Base */,
			);
			name = LaunchScreen.storyboard;
			sourceTree = "<group>";
		};
/* End PBXVariantGroup section */

/* Begin XCBuildConfiguration section */
		3FA0B3221FE1547A0011F5A5 /* Debug */ = {
			isa = XCBuildConfiguration;
			buildSettings = {
				ALWAYS_SEARCH_USER_PATHS = NO;
				CLANG_ANALYZER_NONNULL = YES;
				CLANG_ANALYZER_NUMBER_OBJECT_CONVERSION = YES_AGGRESSIVE;
				CLANG_CXX_LANGUAGE_STANDARD = "gnu++14";
				CLANG_CXX_LIBRARY = "libc++";
				CLANG_ENABLE_MODULES = YES;
				CLANG_ENABLE_OBJC_ARC = YES;
				CLANG_WARN_BLOCK_CAPTURE_AUTORELEASING = YES;
				CLANG_WARN_BOOL_CONVERSION = YES;
				CLANG_WARN_COMMA = YES;
				CLANG_WARN_CONSTANT_CONVERSION = YES;
				CLANG_WARN_DIRECT_OBJC_ISA_USAGE = YES_ERROR;
				CLANG_WARN_DOCUMENTATION_COMMENTS = YES;
				CLANG_WARN_EMPTY_BODY = YES;
				CLANG_WARN_ENUM_CONVERSION = YES;
				CLANG_WARN_INFINITE_RECURSION = YES;
				CLANG_WARN_INT_CONVERSION = YES;
				CLANG_WARN_NON_LITERAL_NULL_CONVERSION = YES;
				CLANG_WARN_OBJC_LITERAL_CONVERSION = YES;
				CLANG_WARN_OBJC_ROOT_CLASS = YES_ERROR;
				CLANG_WARN_RANGE_LOOP_ANALYSIS = YES;
				CLANG_WARN_STRICT_PROTOTYPES = YES;
				CLANG_WARN_SUSPICIOUS_MOVE = YES;
				CLANG_WARN_UNGUARDED_AVAILABILITY = YES_AGGRESSIVE;
				CLANG_WARN_UNREACHABLE_CODE = YES;
				CLANG_WARN__DUPLICATE_METHOD_MATCH = YES;
				CODE_SIGN_IDENTITY = "iPhone Developer";
				COPY_PHASE_STRIP = NO;
				DEBUG_INFORMATION_FORMAT = dwarf;
				ENABLE_STRICT_OBJC_MSGSEND = YES;
				ENABLE_TESTABILITY = YES;
				GCC_C_LANGUAGE_STANDARD = gnu11;
				GCC_DYNAMIC_NO_PIC = NO;
				GCC_NO_COMMON_BLOCKS = YES;
				GCC_OPTIMIZATION_LEVEL = 0;
				GCC_PREPROCESSOR_DEFINITIONS = (
					"DEBUG=1",
					"$(inherited)",
				);
				GCC_WARN_64_TO_32_BIT_CONVERSION = YES;
				GCC_WARN_ABOUT_RETURN_TYPE = YES_ERROR;
				GCC_WARN_UNDECLARED_SELECTOR = YES;
				GCC_WARN_UNINITIALIZED_AUTOS = YES_AGGRESSIVE;
				GCC_WARN_UNUSED_FUNCTION = YES;
				GCC_WARN_UNUSED_VARIABLE = YES;
				IPHONEOS_DEPLOYMENT_TARGET = 11.1;
				MTL_ENABLE_DEBUG_INFO = YES;
				ONLY_ACTIVE_ARCH = YES;
				SDKROOT = iphoneos;
				SWIFT_ACTIVE_COMPILATION_CONDITIONS = DEBUG;
				SWIFT_OPTIMIZATION_LEVEL = "-Onone";
			};
			name = Debug;
		};
		3FA0B3231FE1547A0011F5A5 /* Release */ = {
			isa = XCBuildConfiguration;
			buildSettings = {
				ALWAYS_SEARCH_USER_PATHS = NO;
				CLANG_ANALYZER_NONNULL = YES;
				CLANG_ANALYZER_NUMBER_OBJECT_CONVERSION = YES_AGGRESSIVE;
				CLANG_CXX_LANGUAGE_STANDARD = "gnu++14";
				CLANG_CXX_LIBRARY = "libc++";
				CLANG_ENABLE_MODULES = YES;
				CLANG_ENABLE_OBJC_ARC = YES;
				CLANG_WARN_BLOCK_CAPTURE_AUTORELEASING = YES;
				CLANG_WARN_BOOL_CONVERSION = YES;
				CLANG_WARN_COMMA = YES;
				CLANG_WARN_CONSTANT_CONVERSION = YES;
				CLANG_WARN_DIRECT_OBJC_ISA_USAGE = YES_ERROR;
				CLANG_WARN_DOCUMENTATION_COMMENTS = YES;
				CLANG_WARN_EMPTY_BODY = YES;
				CLANG_WARN_ENUM_CONVERSION = YES;
				CLANG_WARN_INFINITE_RECURSION = YES;
				CLANG_WARN_INT_CONVERSION = YES;
				CLANG_WARN_NON_LITERAL_NULL_CONVERSION = YES;
				CLANG_WARN_OBJC_LITERAL_CONVERSION = YES;
				CLANG_WARN_OBJC_ROOT_CLASS = YES_ERROR;
				CLANG_WARN_RANGE_LOOP_ANALYSIS = YES;
				CLANG_WARN_STRICT_PROTOTYPES = YES;
				CLANG_WARN_SUSPICIOUS_MOVE = YES;
				CLANG_WARN_UNGUARDED_AVAILABILITY = YES_AGGRESSIVE;
				CLANG_WARN_UNREACHABLE_CODE = YES;
				CLANG_WARN__DUPLICATE_METHOD_MATCH = YES;
				CODE_SIGN_IDENTITY = "iPhone Developer";
				COPY_PHASE_STRIP = NO;
				DEBUG_INFORMATION_FORMAT = "dwarf-with-dsym";
				ENABLE_NS_ASSERTIONS = NO;
				ENABLE_STRICT_OBJC_MSGSEND = YES;
				GCC_C_LANGUAGE_STANDARD = gnu11;
				GCC_NO_COMMON_BLOCKS = YES;
				GCC_WARN_64_TO_32_BIT_CONVERSION = YES;
				GCC_WARN_ABOUT_RETURN_TYPE = YES_ERROR;
				GCC_WARN_UNDECLARED_SELECTOR = YES;
				GCC_WARN_UNINITIALIZED_AUTOS = YES_AGGRESSIVE;
				GCC_WARN_UNUSED_FUNCTION = YES;
				GCC_WARN_UNUSED_VARIABLE = YES;
				IPHONEOS_DEPLOYMENT_TARGET = 11.1;
				MTL_ENABLE_DEBUG_INFO = NO;
				SDKROOT = iphoneos;
				SWIFT_OPTIMIZATION_LEVEL = "-Owholemodule";
				VALIDATE_PRODUCT = YES;
			};
			name = Release;
		};
		3FA0B3251FE1547A0011F5A5 /* Debug */ = {
			isa = XCBuildConfiguration;
			buildSettings = {
				ASSETCATALOG_COMPILER_APPICON_NAME = AppIcon;
				CODE_SIGN_STYLE = Automatic;
				DEVELOPMENT_TEAM = YZ3G3TY99H;
				INFOPLIST_FILE = "斗鱼直播/Info.plist";
				IPHONEOS_DEPLOYMENT_TARGET = 11.0;
				LD_RUNPATH_SEARCH_PATHS = "$(inherited) @executable_path/Frameworks";
				PRODUCT_BUNDLE_IDENTIFIER = "hrx.test.----";
				PRODUCT_NAME = "$(TARGET_NAME)";
				SWIFT_VERSION = 4.0;
				TARGETED_DEVICE_FAMILY = "1,2";
			};
			name = Debug;
		};
		3FA0B3261FE1547A0011F5A5 /* Release */ = {
			isa = XCBuildConfiguration;
			buildSettings = {
				ASSETCATALOG_COMPILER_APPICON_NAME = AppIcon;
				CODE_SIGN_STYLE = Automatic;
				DEVELOPMENT_TEAM = YZ3G3TY99H;
				INFOPLIST_FILE = "斗鱼直播/Info.plist";
				IPHONEOS_DEPLOYMENT_TARGET = 11.0;
				LD_RUNPATH_SEARCH_PATHS = "$(inherited) @executable_path/Frameworks";
				PRODUCT_BUNDLE_IDENTIFIER = "hrx.test.----";
				PRODUCT_NAME = "$(TARGET_NAME)";
				SWIFT_VERSION = 4.0;
				TARGETED_DEVICE_FAMILY = "1,2";
			};
			name = Release;
		};
		3FA0B3281FE1547A0011F5A5 /* Debug */ = {
			isa = XCBuildConfiguration;
			buildSettings = {
				ALWAYS_EMBED_SWIFT_STANDARD_LIBRARIES = YES;
				BUNDLE_LOADER = "$(TEST_HOST)";
				CODE_SIGN_STYLE = Automatic;
				INFOPLIST_FILE = "斗鱼直播Tests/Info.plist";
				LD_RUNPATH_SEARCH_PATHS = "$(inherited) @executable_path/Frameworks @loader_path/Frameworks";
				PRODUCT_BUNDLE_IDENTIFIER = "hrx.test.----Tests";
				PRODUCT_NAME = "$(TARGET_NAME)";
				SWIFT_VERSION = 4.0;
				TARGETED_DEVICE_FAMILY = "1,2";
				TEST_HOST = "$(BUILT_PRODUCTS_DIR)/斗鱼直播.app/斗鱼直播";
			};
			name = Debug;
		};
		3FA0B3291FE1547A0011F5A5 /* Release */ = {
			isa = XCBuildConfiguration;
			buildSettings = {
				ALWAYS_EMBED_SWIFT_STANDARD_LIBRARIES = YES;
				BUNDLE_LOADER = "$(TEST_HOST)";
				CODE_SIGN_STYLE = Automatic;
				INFOPLIST_FILE = "斗鱼直播Tests/Info.plist";
				LD_RUNPATH_SEARCH_PATHS = "$(inherited) @executable_path/Frameworks @loader_path/Frameworks";
				PRODUCT_BUNDLE_IDENTIFIER = "hrx.test.----Tests";
				PRODUCT_NAME = "$(TARGET_NAME)";
				SWIFT_VERSION = 4.0;
				TARGETED_DEVICE_FAMILY = "1,2";
				TEST_HOST = "$(BUILT_PRODUCTS_DIR)/斗鱼直播.app/斗鱼直播";
			};
			name = Release;
		};
		3FA0B32B1FE1547A0011F5A5 /* Debug */ = {
			isa = XCBuildConfiguration;
			buildSettings = {
				ALWAYS_EMBED_SWIFT_STANDARD_LIBRARIES = YES;
				CODE_SIGN_STYLE = Automatic;
				INFOPLIST_FILE = "斗鱼直播UITests/Info.plist";
				LD_RUNPATH_SEARCH_PATHS = "$(inherited) @executable_path/Frameworks @loader_path/Frameworks";
				PRODUCT_BUNDLE_IDENTIFIER = "hrx.test.----UITests";
				PRODUCT_NAME = "$(TARGET_NAME)";
				SWIFT_VERSION = 4.0;
				TARGETED_DEVICE_FAMILY = "1,2";
				TEST_TARGET_NAME = "斗鱼直播";
			};
			name = Debug;
		};
		3FA0B32C1FE1547A0011F5A5 /* Release */ = {
			isa = XCBuildConfiguration;
			buildSettings = {
				ALWAYS_EMBED_SWIFT_STANDARD_LIBRARIES = YES;
				CODE_SIGN_STYLE = Automatic;
				INFOPLIST_FILE = "斗鱼直播UITests/Info.plist";
				LD_RUNPATH_SEARCH_PATHS = "$(inherited) @executable_path/Frameworks @loader_path/Frameworks";
				PRODUCT_BUNDLE_IDENTIFIER = "hrx.test.----UITests";
				PRODUCT_NAME = "$(TARGET_NAME)";
				SWIFT_VERSION = 4.0;
				TARGETED_DEVICE_FAMILY = "1,2";
				TEST_TARGET_NAME = "斗鱼直播";
			};
			name = Release;
		};
/* End XCBuildConfiguration section */

/* Begin XCConfigurationList section */
		3FA0B2F71FE154790011F5A5 /* Build configuration list for PBXProject "斗鱼直播" */ = {
			isa = XCConfigurationList;
			buildConfigurations = (
				3FA0B3221FE1547A0011F5A5 /* Debug */,
				3FA0B3231FE1547A0011F5A5 /* Release */,
			);
			defaultConfigurationIsVisible = 0;
			defaultConfigurationName = Release;
		};
		3FA0B3241FE1547A0011F5A5 /* Build configuration list for PBXNativeTarget "斗鱼直播" */ = {
			isa = XCConfigurationList;
			buildConfigurations = (
				3FA0B3251FE1547A0011F5A5 /* Debug */,
				3FA0B3261FE1547A0011F5A5 /* Release */,
			);
			defaultConfigurationIsVisible = 0;
			defaultConfigurationName = Release;
		};
		3FA0B3271FE1547A0011F5A5 /* Build configuration list for PBXNativeTarget "斗鱼直播Tests" */ = {
			isa = XCConfigurationList;
			buildConfigurations = (
				3FA0B3281FE1547A0011F5A5 /* Debug */,
				3FA0B3291FE1547A0011F5A5 /* Release */,
			);
			defaultConfigurationIsVisible = 0;
			defaultConfigurationName = Release;
		};
		3FA0B32A1FE1547A0011F5A5 /* Build configuration list for PBXNativeTarget "斗鱼直播UITests" */ = {
			isa = XCConfigurationList;
			buildConfigurations = (
				3FA0B32B1FE1547A0011F5A5 /* Debug */,
				3FA0B32C1FE1547A0011F5A5 /* Release */,
			);
			defaultConfigurationIsVisible = 0;
			defaultConfigurationName = Release;
		};
/* End XCConfigurationList section */
	};
	rootObject = 3FA0B2F41FE154790011F5A5 /* Project object */;
}
